
Microsoft Visual Studio Solution File, Format Version 12.00
# Visual Studio Version 17
VisualStudioVersion = 17.4.33403.182
MinimumVisualStudioVersion = 10.0.40219.1
Project("{FAE04EC0-301F-11D3-BF4B-00C04F79EFBC}") = "NeuralNetwork", "NeuralNetwork\NeuralNetwork.csproj", "{1E885640-9E9E-430A-AD05-8C83FFC20450}"
EndProject
Project("{FAE04EC0-301F-11D3-BF4B-00C04F79EFBC}") = "NeuralNetworkConsoleApp", "NeuralNetworkConsoleApp\NeuralNetworkConsoleApp.csproj", "{D5E66017-60F5-4419-838B-9806AD8851CE}"
EndProject
Global
	GlobalSection(SolutionConfigurationPlatforms) = preSolution
		Debug|Any CPU = Debug|Any CPU
		Release|Any CPU = Release|Any CPU
	EndGlobalSection
	GlobalSection(ProjectConfigurationPlatforms) = postSolution
		{1E885640-9E9E-430A-AD05-8C83FFC20450}.Debug|Any CPU.ActiveCfg = Debug|Any CPU
		{1E885640-9E9E-430A-AD05-8C83FFC20450}.Debug|Any CPU.Build.0 = Debug|Any CPU
		{1E885640-9E9E-430A-AD05-8C83FFC20450}.Release|Any CPU.ActiveCfg = Release|Any CPU
		{1E885640-9E9E-430A-AD05-8C83FFC20450}.Release|Any CPU.Build.0 = Release|Any CPU
		{D5E66017-60F5-4419-838B-9806AD8851CE}.Debug|Any CPU.ActiveCfg = Debug|Any CPU
		{D5E66017-60F5-4419-838B-9806AD8851CE}.Debug|Any CPU.Build.0 = Debug|Any CPU
		{D5E66017-60F5-4419-838B-9806AD8851CE}.Release|Any CPU.ActiveCfg = Release|Any CPU
		{D5E66017-60F5-4419-838B-9806AD8851CE}.Release|Any CPU.Build.0 = Release|Any CPU
	EndGlobalSection
	GlobalSection(SolutionProperties) = preSolution
		HideSolutionNode = FALSE
	EndGlobalSection
	GlobalSection(ExtensibilityGlobals) = postSolution
		SolutionGuid = {FA79E802-BBB3-4288-936E-48300FD0257F}
	EndGlobalSection
EndGlobal
